{
  "name": "skylark-utils-collection",
  "version": "0.9.1",
  "lockfileVersion": 1,
  "requires": true,
  "dependencies": {
    "skylark-langx": {
      "version": "git+https://github.com/skylarklangx/skylark-langx.git#dea887af6b78b07fe2062ab96c2816da978a39e9",
      "from": "git+https://github.com/skylarklangx/skylark-langx.git#master",
      "dev": true
    }
  }
}
