{
  "name": "skylark-data-collection",
  "version": "0.9.1",
  "lockfileVersion": 1,
  "requires": true,
  "dependencies": {
    "skylark-langx": {
      "version": "git+https://github.com/skylarklangx/skylark-langx.git#cdebc6f30d20ee8479cb87b1c4bdd00bf5a13484",
      "from": "git+https://github.com/skylarklangx/skylark-langx.git#master",
      "dev": true
    }
  }
}
